// !$*UTF8*$!
{
	archiveVersion = 1;
	classes = {
	};
	objectVersion = 46;
	objects = {

/* Begin PBXBuildFile section */
		1A01DC7D1C1F5D1E005BB5F2 /* LocationPickerActionSheet.swift in Sources */ = {isa = PBXBuildFile; fileRef = 1A01DC7C1C1F5D1E005BB5F2 /* LocationPickerActionSheet.swift */; };
		1A6002171C2200A10003C026 /* PickerViewActionSheet.swift in Sources */ = {isa = PBXBuildFile; fileRef = 1A6002161C2200A10003C026 /* PickerViewActionSheet.swift */; };
		1A75329B1C0CB9F400F42FFA /* ChatTableViewController.swift in Sources */ = {isa = PBXBuildFile; fileRef = 1A75329A1C0CB9F400F42FFA /* ChatTableViewController.swift */; };
		1A75329D1C0CBA7300F42FFA /* ChatLeftAlignedTableViewCell.swift in Sources */ = {isa = PBXBuildFile; fileRef = 1A75329C1C0CBA7300F42FFA /* ChatLeftAlignedTableViewCell.swift */; };
		1A75329F1C0CBAC400F42FFA /* ChatRightAlignedTableViewCell.swift in Sources */ = {isa = PBXBuildFile; fileRef = 1A75329E1C0CBAC400F42FFA /* ChatRightAlignedTableViewCell.swift */; };
		1A7533001C0D10C300F42FFA /* NewChatTableViewCell.swift in Sources */ = {isa = PBXBuildFile; fileRef = 1A7532FF1C0D10C300F42FFA /* NewChatTableViewCell.swift */; };
		1A82D9C11BFFBA5E00524AD2 /* ProfileTitleCell.swift in Sources */ = {isa = PBXBuildFile; fileRef = 1A82D9C01BFFBA5E00524AD2 /* ProfileTitleCell.swift */; };
		1A82D9C41BFFBB4300524AD2 /* ProfileTableViewController.swift in Sources */ = {isa = PBXBuildFile; fileRef = 1A82D9C31BFFBB4300524AD2 /* ProfileTableViewController.swift */; };
		1A82D9C71BFFBEC200524AD2 /* ProfileImageCell.swift in Sources */ = {isa = PBXBuildFile; fileRef = 1A82D9C61BFFBEC200524AD2 /* ProfileImageCell.swift */; };
		1A82D9C91BFFBF0E00524AD2 /* ProfileAboutCoupleCell.swift in Sources */ = {isa = PBXBuildFile; fileRef = 1A82D9C81BFFBF0E00524AD2 /* ProfileAboutCoupleCell.swift */; };
		1A82D9CB1BFFBF2D00524AD2 /* ProfileAboutIndividualsCell.swift in Sources */ = {isa = PBXBuildFile; fileRef = 1A82D9CA1BFFBF2D00524AD2 /* ProfileAboutIndividualsCell.swift */; };
		1A82D9CD1BFFD5B000524AD2 /* FriendshipTableViewController.swift in Sources */ = {isa = PBXBuildFile; fileRef = 1A82D9CC1BFFD5B000524AD2 /* FriendshipTableViewController.swift */; };
		1A82D9CF1BFFDD0600524AD2 /* FriendshipCollectionCell.swift in Sources */ = {isa = PBXBuildFile; fileRef = 1A82D9CE1BFFDD0600524AD2 /* FriendshipCollectionCell.swift */; };
		1A82D9D11BFFDD1400524AD2 /* ConversationCell.swift in Sources */ = {isa = PBXBuildFile; fileRef = 1A82D9D01BFFDD1400524AD2 /* ConversationCell.swift */; };
		1A82D9D41C01149300524AD2 /* FriendshipCell.swift in Sources */ = {isa = PBXBuildFile; fileRef = 1A82D9D31C01149300524AD2 /* FriendshipCell.swift */; };
		1AA725531C136F6300F90F92 /* Account.swift in Sources */ = {isa = PBXBuildFile; fileRef = 1AA725521C136F6300F90F92 /* Account.swift */; };
		1AA725551C13720900F90F92 /* AccountController.swift in Sources */ = {isa = PBXBuildFile; fileRef = 1AA725541C13720900F90F92 /* AccountController.swift */; };
		1AA725581C15545200F90F92 /* LoginSignupPickerViewController.swift in Sources */ = {isa = PBXBuildFile; fileRef = 1AA725571C15545200F90F92 /* LoginSignupPickerViewController.swift */; };
		1AA7255A1C15548100F90F92 /* LoginViewController.swift in Sources */ = {isa = PBXBuildFile; fileRef = 1AA725591C15548100F90F92 /* LoginViewController.swift */; };
		1AA7255C1C15551F00F90F92 /* CreateAccountViewController.swift in Sources */ = {isa = PBXBuildFile; fileRef = 1AA7255B1C15551F00F90F92 /* CreateAccountViewController.swift */; };
		1AA7255E1C15553600F90F92 /* BasicInfoViewController.swift in Sources */ = {isa = PBXBuildFile; fileRef = 1AA7255D1C15553600F90F92 /* BasicInfoViewController.swift */; };
		1AA725D11C1797D200F90F92 /* DatePickerActionSheet.swift in Sources */ = {isa = PBXBuildFile; fileRef = 1AA725D01C1797D200F90F92 /* DatePickerActionSheet.swift */; };
		1AA725F31C18E74000F90F92 /* LocationController.swift in Sources */ = {isa = PBXBuildFile; fileRef = 1AA725F21C18E74000F90F92 /* LocationController.swift */; };
		1AA726411C1A30EC00F90F92 /* GeoFire.m in Sources */ = {isa = PBXBuildFile; fileRef = 1AA726341C1A30EC00F90F92 /* GeoFire.m */; };
		1AA726421C1A30EC00F90F92 /* GFQuery.m in Sources */ = {isa = PBXBuildFile; fileRef = 1AA726361C1A30EC00F90F92 /* GFQuery.m */; };
		1AA726431C1A30EC00F90F92 /* GFBase32Utils.m in Sources */ = {isa = PBXBuildFile; fileRef = 1AA726381C1A30EC00F90F92 /* GFBase32Utils.m */; };
		1AA726441C1A30EC00F90F92 /* GFGeoHash.m in Sources */ = {isa = PBXBuildFile; fileRef = 1AA7263A1C1A30EC00F90F92 /* GFGeoHash.m */; };
		1AA726451C1A30EC00F90F92 /* GFGeoHashQuery.m in Sources */ = {isa = PBXBuildFile; fileRef = 1AA7263C1C1A30EC00F90F92 /* GFGeoHashQuery.m */; };
		1ABD3B431BFD3F6300544104 /* AppDelegate.swift in Sources */ = {isa = PBXBuildFile; fileRef = 1ABD3B421BFD3F6300544104 /* AppDelegate.swift */; };
		1ABD3B481BFD3F6300544104 /* Main.storyboard in Resources */ = {isa = PBXBuildFile; fileRef = 1ABD3B461BFD3F6300544104 /* Main.storyboard */; };
		1ABD3B4A1BFD3F6300544104 /* Assets.xcassets in Resources */ = {isa = PBXBuildFile; fileRef = 1ABD3B491BFD3F6300544104 /* Assets.xcassets */; };
		1ABD3B4D1BFD3F6300544104 /* LaunchScreen.storyboard in Resources */ = {isa = PBXBuildFile; fileRef = 1ABD3B4B1BFD3F6300544104 /* LaunchScreen.storyboard */; };
		1ABD3B581BFD3F6300544104 /* DoubleTests.swift in Sources */ = {isa = PBXBuildFile; fileRef = 1ABD3B571BFD3F6300544104 /* DoubleTests.swift */; };
		1ABD3B631BFD3F6300544104 /* DoubleUITests.swift in Sources */ = {isa = PBXBuildFile; fileRef = 1ABD3B621BFD3F6300544104 /* DoubleUITests.swift */; };
		1ABD3B781BFD72F800544104 /* FirebaseController.swift in Sources */ = {isa = PBXBuildFile; fileRef = 1ABD3B771BFD72F800544104 /* FirebaseController.swift */; };
		1ABD3B7B1BFD736700544104 /* Person.swift in Sources */ = {isa = PBXBuildFile; fileRef = 1ABD3B7A1BFD736700544104 /* Person.swift */; };
		1ABD3B7D1BFD737000544104 /* Profile.swift in Sources */ = {isa = PBXBuildFile; fileRef = 1ABD3B7C1BFD737000544104 /* Profile.swift */; };
		1ABD3B7F1BFD73D700544104 /* Responses.swift in Sources */ = {isa = PBXBuildFile; fileRef = 1ABD3B7E1BFD73D700544104 /* Responses.swift */; };
		1ABD3B821BFD73F800544104 /* Friendship.swift in Sources */ = {isa = PBXBuildFile; fileRef = 1ABD3B811BFD73F800544104 /* Friendship.swift */; };
		1ABD3B841BFD740400544104 /* Message.swift in Sources */ = {isa = PBXBuildFile; fileRef = 1ABD3B831BFD740400544104 /* Message.swift */; };
		1ABD3B861BFD740C00544104 /* Child.swift in Sources */ = {isa = PBXBuildFile; fileRef = 1ABD3B851BFD740C00544104 /* Child.swift */; };
		1ABD3B881BFD775400544104 /* Firebase.framework in Frameworks */ = {isa = PBXBuildFile; fileRef = 1ABD3B871BFD775400544104 /* Firebase.framework */; };
		1ABD3B8C1BFD777500544104 /* CFNetwork.framework in Frameworks */ = {isa = PBXBuildFile; fileRef = 1ABD3B8B1BFD777500544104 /* CFNetwork.framework */; };
		1ABD3B8E1BFD777E00544104 /* Security.framework in Frameworks */ = {isa = PBXBuildFile; fileRef = 1ABD3B8D1BFD777E00544104 /* Security.framework */; };
		1ABD3B901BFD778900544104 /* SystemConfiguration.framework in Frameworks */ = {isa = PBXBuildFile; fileRef = 1ABD3B8F1BFD778900544104 /* SystemConfiguration.framework */; };
		1ABD3B921BFD779600544104 /* libicucore.tbd in Frameworks */ = {isa = PBXBuildFile; fileRef = 1ABD3B911BFD779600544104 /* libicucore.tbd */; };
		1ABD3B941BFD77A900544104 /* libc++.tbd in Frameworks */ = {isa = PBXBuildFile; fileRef = 1ABD3B931BFD77A900544104 /* libc++.tbd */; };
		1ABD3B971BFD8B4500544104 /* ImageController.swift in Sources */ = {isa = PBXBuildFile; fileRef = 1ABD3B961BFD8B4500544104 /* ImageController.swift */; };
		1ABD3B991BFE2D0200544104 /* PersonController.swift in Sources */ = {isa = PBXBuildFile; fileRef = 1ABD3B981BFE2D0200544104 /* PersonController.swift */; };
		1ABD3B9B1BFE2D1300544104 /* ProfileController.swift in Sources */ = {isa = PBXBuildFile; fileRef = 1ABD3B9A1BFE2D1300544104 /* ProfileController.swift */; };
		1ABD3B9D1BFE2D1C00544104 /* ResponseController.swift in Sources */ = {isa = PBXBuildFile; fileRef = 1ABD3B9C1BFE2D1C00544104 /* ResponseController.swift */; };
		1ABD3B9F1BFE2D3000544104 /* FriendshipController.swift in Sources */ = {isa = PBXBuildFile; fileRef = 1ABD3B9E1BFE2D3000544104 /* FriendshipController.swift */; };
		1ABD3BA11BFE2D3A00544104 /* MessageController.swift in Sources */ = {isa = PBXBuildFile; fileRef = 1ABD3BA01BFE2D3A00544104 /* MessageController.swift */; };
		1ABD3BA31BFE2D4F00544104 /* ChildController.swift in Sources */ = {isa = PBXBuildFile; fileRef = 1ABD3BA21BFE2D4F00544104 /* ChildController.swift */; };
		1ACCDCAD1C3F7B4500E39371 /* DateController.swift in Sources */ = {isa = PBXBuildFile; fileRef = 1ACCDCAC1C3F7B4500E39371 /* DateController.swift */; };
		1AD29FD11C10E1760062D4D3 /* EditProfileTableViewController.swift in Sources */ = {isa = PBXBuildFile; fileRef = 1AD29FD01C10E1760062D4D3 /* EditProfileTableViewController.swift */; };
		1AF676521C2B254F00AAC71F /* DesignController.swift in Sources */ = {isa = PBXBuildFile; fileRef = 1AF676511C2B254F00AAC71F /* DesignController.swift */; };
/* End PBXBuildFile section */

/* Begin PBXContainerItemProxy section */
		1ABD3B541BFD3F6300544104 /* PBXContainerItemProxy */ = {
			isa = PBXContainerItemProxy;
			containerPortal = 1ABD3B371BFD3F6300544104 /* Project object */;
			proxyType = 1;
			remoteGlobalIDString = 1ABD3B3E1BFD3F6300544104;
			remoteInfo = Double;
		};
		1ABD3B5F1BFD3F6300544104 /* PBXContainerItemProxy */ = {
			isa = PBXContainerItemProxy;
			containerPortal = 1ABD3B371BFD3F6300544104 /* Project object */;
			proxyType = 1;
			remoteGlobalIDString = 1ABD3B3E1BFD3F6300544104;
			remoteInfo = Double;
		};
/* End PBXContainerItemProxy section */

/* Begin PBXCopyFilesBuildPhase section */
		1ABD3B8A1BFD775400544104 /* Embed Frameworks */ = {
			isa = PBXCopyFilesBuildPhase;
			buildActionMask = 2147483647;
			dstPath = "";
			dstSubfolderSpec = 10;
			files = (
			);
			name = "Embed Frameworks";
			runOnlyForDeploymentPostprocessing = 0;
		};
/* End PBXCopyFilesBuildPhase section */

/* Begin PBXFileReference section */
		1A01DC7C1C1F5D1E005BB5F2 /* LocationPickerActionSheet.swift */ = {isa = PBXFileReference; fileEncoding = 4; lastKnownFileType = sourcecode.swift; path = LocationPickerActionSheet.swift; sourceTree = "<group>"; };
		1A6002161C2200A10003C026 /* PickerViewActionSheet.swift */ = {isa = PBXFileReference; fileEncoding = 4; lastKnownFileType = sourcecode.swift; path = PickerViewActionSheet.swift; sourceTree = "<group>"; };
		1A75329A1C0CB9F400F42FFA /* ChatTableViewController.swift */ = {isa = PBXFileReference; fileEncoding = 4; lastKnownFileType = sourcecode.swift; path = ChatTableViewController.swift; sourceTree = "<group>"; };
		1A75329C1C0CBA7300F42FFA /* ChatLeftAlignedTableViewCell.swift */ = {isa = PBXFileReference; fileEncoding = 4; lastKnownFileType = sourcecode.swift; path = ChatLeftAlignedTableViewCell.swift; sourceTree = "<group>"; };
		1A75329E1C0CBAC400F42FFA /* ChatRightAlignedTableViewCell.swift */ = {isa = PBXFileReference; fileEncoding = 4; lastKnownFileType = sourcecode.swift; path = ChatRightAlignedTableViewCell.swift; sourceTree = "<group>"; };
		1A7532FF1C0D10C300F42FFA /* NewChatTableViewCell.swift */ = {isa = PBXFileReference; fileEncoding = 4; lastKnownFileType = sourcecode.swift; path = NewChatTableViewCell.swift; sourceTree = "<group>"; };
		1A82D9C01BFFBA5E00524AD2 /* ProfileTitleCell.swift */ = {isa = PBXFileReference; fileEncoding = 4; lastKnownFileType = sourcecode.swift; path = ProfileTitleCell.swift; sourceTree = "<group>"; };
		1A82D9C31BFFBB4300524AD2 /* ProfileTableViewController.swift */ = {isa = PBXFileReference; fileEncoding = 4; lastKnownFileType = sourcecode.swift; path = ProfileTableViewController.swift; sourceTree = "<group>"; };
		1A82D9C61BFFBEC200524AD2 /* ProfileImageCell.swift */ = {isa = PBXFileReference; fileEncoding = 4; lastKnownFileType = sourcecode.swift; path = ProfileImageCell.swift; sourceTree = "<group>"; };
		1A82D9C81BFFBF0E00524AD2 /* ProfileAboutCoupleCell.swift */ = {isa = PBXFileReference; fileEncoding = 4; lastKnownFileType = sourcecode.swift; path = ProfileAboutCoupleCell.swift; sourceTree = "<group>"; };
		1A82D9CA1BFFBF2D00524AD2 /* ProfileAboutIndividualsCell.swift */ = {isa = PBXFileReference; fileEncoding = 4; lastKnownFileType = sourcecode.swift; path = ProfileAboutIndividualsCell.swift; sourceTree = "<group>"; };
		1A82D9CC1BFFD5B000524AD2 /* FriendshipTableViewController.swift */ = {isa = PBXFileReference; fileEncoding = 4; lastKnownFileType = sourcecode.swift; name = FriendshipTableViewController.swift; path = ../FriendshipTableViewController.swift; sourceTree = "<group>"; };
		1A82D9CE1BFFDD0600524AD2 /* FriendshipCollectionCell.swift */ = {isa = PBXFileReference; fileEncoding = 4; lastKnownFileType = sourcecode.swift; path = FriendshipCollectionCell.swift; sourceTree = "<group>"; };
		1A82D9D01BFFDD1400524AD2 /* ConversationCell.swift */ = {isa = PBXFileReference; fileEncoding = 4; lastKnownFileType = sourcecode.swift; path = ConversationCell.swift; sourceTree = "<group>"; };
		1A82D9D31C01149300524AD2 /* FriendshipCell.swift */ = {isa = PBXFileReference; fileEncoding = 4; lastKnownFileType = sourcecode.swift; path = FriendshipCell.swift; sourceTree = "<group>"; };
		1AA725521C136F6300F90F92 /* Account.swift */ = {isa = PBXFileReference; fileEncoding = 4; lastKnownFileType = sourcecode.swift; path = Account.swift; sourceTree = "<group>"; };
		1AA725541C13720900F90F92 /* AccountController.swift */ = {isa = PBXFileReference; fileEncoding = 4; lastKnownFileType = sourcecode.swift; path = AccountController.swift; sourceTree = "<group>"; };
		1AA725571C15545200F90F92 /* LoginSignupPickerViewController.swift */ = {isa = PBXFileReference; fileEncoding = 4; lastKnownFileType = sourcecode.swift; path = LoginSignupPickerViewController.swift; sourceTree = "<group>"; };
		1AA725591C15548100F90F92 /* LoginViewController.swift */ = {isa = PBXFileReference; fileEncoding = 4; lastKnownFileType = sourcecode.swift; path = LoginViewController.swift; sourceTree = "<group>"; };
		1AA7255B1C15551F00F90F92 /* CreateAccountViewController.swift */ = {isa = PBXFileReference; fileEncoding = 4; lastKnownFileType = sourcecode.swift; path = CreateAccountViewController.swift; sourceTree = "<group>"; };
		1AA7255D1C15553600F90F92 /* BasicInfoViewController.swift */ = {isa = PBXFileReference; fileEncoding = 4; lastKnownFileType = sourcecode.swift; path = BasicInfoViewController.swift; sourceTree = "<group>"; };
		1AA725D01C1797D200F90F92 /* DatePickerActionSheet.swift */ = {isa = PBXFileReference; fileEncoding = 4; lastKnownFileType = sourcecode.swift; path = DatePickerActionSheet.swift; sourceTree = "<group>"; };
		1AA725F21C18E74000F90F92 /* LocationController.swift */ = {isa = PBXFileReference; fileEncoding = 4; lastKnownFileType = sourcecode.swift; path = LocationController.swift; sourceTree = "<group>"; };
		1AA7262B1C1A132700F90F92 /* Double-Bridging-Header.h */ = {isa = PBXFileReference; lastKnownFileType = sourcecode.c.h; path = "Double-Bridging-Header.h"; sourceTree = SOURCE_ROOT; };
		1AA726331C1A30EC00F90F92 /* GeoFire+Private.h */ = {isa = PBXFileReference; fileEncoding = 4; lastKnownFileType = sourcecode.c.h; path = "GeoFire+Private.h"; sourceTree = "<group>"; };
		1AA726341C1A30EC00F90F92 /* GeoFire.m */ = {isa = PBXFileReference; fileEncoding = 4; lastKnownFileType = sourcecode.c.objc; path = GeoFire.m; sourceTree = "<group>"; };
		1AA726351C1A30EC00F90F92 /* GFQuery+Private.h */ = {isa = PBXFileReference; fileEncoding = 4; lastKnownFileType = sourcecode.c.h; path = "GFQuery+Private.h"; sourceTree = "<group>"; };
		1AA726361C1A30EC00F90F92 /* GFQuery.m */ = {isa = PBXFileReference; fileEncoding = 4; lastKnownFileType = sourcecode.c.objc; path = GFQuery.m; sourceTree = "<group>"; };
		1AA726371C1A30EC00F90F92 /* GFBase32Utils.h */ = {isa = PBXFileReference; fileEncoding = 4; lastKnownFileType = sourcecode.c.h; path = GFBase32Utils.h; sourceTree = "<group>"; };
		1AA726381C1A30EC00F90F92 /* GFBase32Utils.m */ = {isa = PBXFileReference; fileEncoding = 4; lastKnownFileType = sourcecode.c.objc; path = GFBase32Utils.m; sourceTree = "<group>"; };
		1AA726391C1A30EC00F90F92 /* GFGeoHash.h */ = {isa = PBXFileReference; fileEncoding = 4; lastKnownFileType = sourcecode.c.h; path = GFGeoHash.h; sourceTree = "<group>"; };
		1AA7263A1C1A30EC00F90F92 /* GFGeoHash.m */ = {isa = PBXFileReference; fileEncoding = 4; lastKnownFileType = sourcecode.c.objc; path = GFGeoHash.m; sourceTree = "<group>"; };
		1AA7263B1C1A30EC00F90F92 /* GFGeoHashQuery.h */ = {isa = PBXFileReference; fileEncoding = 4; lastKnownFileType = sourcecode.c.h; path = GFGeoHashQuery.h; sourceTree = "<group>"; };
		1AA7263C1C1A30EC00F90F92 /* GFGeoHashQuery.m */ = {isa = PBXFileReference; fileEncoding = 4; lastKnownFileType = sourcecode.c.objc; path = GFGeoHashQuery.m; sourceTree = "<group>"; };
		1AA7263D1C1A30EC00F90F92 /* GeoFire.h */ = {isa = PBXFileReference; fileEncoding = 4; lastKnownFileType = sourcecode.c.h; path = GeoFire.h; sourceTree = "<group>"; };
		1AA7263E1C1A30EC00F90F92 /* GFQuery.h */ = {isa = PBXFileReference; fileEncoding = 4; lastKnownFileType = sourcecode.c.h; path = GFQuery.h; sourceTree = "<group>"; };
		1AA7263F1C1A30EC00F90F92 /* GFCircleQuery.h */ = {isa = PBXFileReference; fileEncoding = 4; lastKnownFileType = sourcecode.c.h; path = GFCircleQuery.h; sourceTree = "<group>"; };
		1AA726401C1A30EC00F90F92 /* GFRegionQuery.h */ = {isa = PBXFileReference; fileEncoding = 4; lastKnownFileType = sourcecode.c.h; path = GFRegionQuery.h; sourceTree = "<group>"; };
		1ABD3B3F1BFD3F6300544104 /* Double.app */ = {isa = PBXFileReference; explicitFileType = wrapper.application; includeInIndex = 0; path = Double.app; sourceTree = BUILT_PRODUCTS_DIR; };
		1ABD3B421BFD3F6300544104 /* AppDelegate.swift */ = {isa = PBXFileReference; lastKnownFileType = sourcecode.swift; path = AppDelegate.swift; sourceTree = "<group>"; };
		1ABD3B471BFD3F6300544104 /* Base */ = {isa = PBXFileReference; lastKnownFileType = file.storyboard; name = Base; path = Base.lproj/Main.storyboard; sourceTree = "<group>"; };
		1ABD3B491BFD3F6300544104 /* Assets.xcassets */ = {isa = PBXFileReference; lastKnownFileType = folder.assetcatalog; path = Assets.xcassets; sourceTree = "<group>"; };
		1ABD3B4C1BFD3F6300544104 /* Base */ = {isa = PBXFileReference; lastKnownFileType = file.storyboard; name = Base; path = Base.lproj/LaunchScreen.storyboard; sourceTree = "<group>"; };
		1ABD3B4E1BFD3F6300544104 /* Info.plist */ = {isa = PBXFileReference; lastKnownFileType = text.plist.xml; path = Info.plist; sourceTree = "<group>"; };
		1ABD3B531BFD3F6300544104 /* DoubleTests.xctest */ = {isa = PBXFileReference; explicitFileType = wrapper.cfbundle; includeInIndex = 0; path = DoubleTests.xctest; sourceTree = BUILT_PRODUCTS_DIR; };
		1ABD3B571BFD3F6300544104 /* DoubleTests.swift */ = {isa = PBXFileReference; lastKnownFileType = sourcecode.swift; path = DoubleTests.swift; sourceTree = "<group>"; };
		1ABD3B591BFD3F6300544104 /* Info.plist */ = {isa = PBXFileReference; lastKnownFileType = text.plist.xml; path = Info.plist; sourceTree = "<group>"; };
		1ABD3B5E1BFD3F6300544104 /* DoubleUITests.xctest */ = {isa = PBXFileReference; explicitFileType = wrapper.cfbundle; includeInIndex = 0; path = DoubleUITests.xctest; sourceTree = BUILT_PRODUCTS_DIR; };
		1ABD3B621BFD3F6300544104 /* DoubleUITests.swift */ = {isa = PBXFileReference; lastKnownFileType = sourcecode.swift; path = DoubleUITests.swift; sourceTree = "<group>"; };
		1ABD3B641BFD3F6300544104 /* Info.plist */ = {isa = PBXFileReference; lastKnownFileType = text.plist.xml; path = Info.plist; sourceTree = "<group>"; };
		1ABD3B771BFD72F800544104 /* FirebaseController.swift */ = {isa = PBXFileReference; fileEncoding = 4; lastKnownFileType = sourcecode.swift; path = FirebaseController.swift; sourceTree = "<group>"; };
		1ABD3B7A1BFD736700544104 /* Person.swift */ = {isa = PBXFileReference; fileEncoding = 4; lastKnownFileType = sourcecode.swift; path = Person.swift; sourceTree = "<group>"; };
		1ABD3B7C1BFD737000544104 /* Profile.swift */ = {isa = PBXFileReference; fileEncoding = 4; lastKnownFileType = sourcecode.swift; path = Profile.swift; sourceTree = "<group>"; };
		1ABD3B7E1BFD73D700544104 /* Responses.swift */ = {isa = PBXFileReference; fileEncoding = 4; lastKnownFileType = sourcecode.swift; path = Responses.swift; sourceTree = "<group>"; };
		1ABD3B811BFD73F800544104 /* Friendship.swift */ = {isa = PBXFileReference; fileEncoding = 4; lastKnownFileType = sourcecode.swift; path = Friendship.swift; sourceTree = "<group>"; };
		1ABD3B831BFD740400544104 /* Message.swift */ = {isa = PBXFileReference; fileEncoding = 4; lastKnownFileType = sourcecode.swift; path = Message.swift; sourceTree = "<group>"; };
		1ABD3B851BFD740C00544104 /* Child.swift */ = {isa = PBXFileReference; fileEncoding = 4; lastKnownFileType = sourcecode.swift; path = Child.swift; sourceTree = "<group>"; };
		1ABD3B871BFD775400544104 /* Firebase.framework */ = {isa = PBXFileReference; lastKnownFileType = wrapper.framework; path = Firebase.framework; sourceTree = "<group>"; };
		1ABD3B8B1BFD777500544104 /* CFNetwork.framework */ = {isa = PBXFileReference; lastKnownFileType = wrapper.framework; name = CFNetwork.framework; path = System/Library/Frameworks/CFNetwork.framework; sourceTree = SDKROOT; };
		1ABD3B8D1BFD777E00544104 /* Security.framework */ = {isa = PBXFileReference; lastKnownFileType = wrapper.framework; name = Security.framework; path = System/Library/Frameworks/Security.framework; sourceTree = SDKROOT; };
		1ABD3B8F1BFD778900544104 /* SystemConfiguration.framework */ = {isa = PBXFileReference; lastKnownFileType = wrapper.framework; name = SystemConfiguration.framework; path = System/Library/Frameworks/SystemConfiguration.framework; sourceTree = SDKROOT; };
		1ABD3B911BFD779600544104 /* libicucore.tbd */ = {isa = PBXFileReference; lastKnownFileType = "sourcecode.text-based-dylib-definition"; name = libicucore.tbd; path = usr/lib/libicucore.tbd; sourceTree = SDKROOT; };
		1ABD3B931BFD77A900544104 /* libc++.tbd */ = {isa = PBXFileReference; lastKnownFileType = "sourcecode.text-based-dylib-definition"; name = "libc++.tbd"; path = "usr/lib/libc++.tbd"; sourceTree = SDKROOT; };
		1ABD3B961BFD8B4500544104 /* ImageController.swift */ = {isa = PBXFileReference; fileEncoding = 4; lastKnownFileType = sourcecode.swift; path = ImageController.swift; sourceTree = "<group>"; };
		1ABD3B981BFE2D0200544104 /* PersonController.swift */ = {isa = PBXFileReference; fileEncoding = 4; lastKnownFileType = sourcecode.swift; path = PersonController.swift; sourceTree = "<group>"; };
		1ABD3B9A1BFE2D1300544104 /* ProfileController.swift */ = {isa = PBXFileReference; fileEncoding = 4; lastKnownFileType = sourcecode.swift; path = ProfileController.swift; sourceTree = "<group>"; };
		1ABD3B9C1BFE2D1C00544104 /* ResponseController.swift */ = {isa = PBXFileReference; fileEncoding = 4; lastKnownFileType = sourcecode.swift; path = ResponseController.swift; sourceTree = "<group>"; };
		1ABD3B9E1BFE2D3000544104 /* FriendshipController.swift */ = {isa = PBXFileReference; fileEncoding = 4; lastKnownFileType = sourcecode.swift; path = FriendshipController.swift; sourceTree = "<group>"; };
		1ABD3BA01BFE2D3A00544104 /* MessageController.swift */ = {isa = PBXFileReference; fileEncoding = 4; lastKnownFileType = sourcecode.swift; path = MessageController.swift; sourceTree = "<group>"; };
		1ABD3BA21BFE2D4F00544104 /* ChildController.swift */ = {isa = PBXFileReference; fileEncoding = 4; lastKnownFileType = sourcecode.swift; path = ChildController.swift; sourceTree = "<group>"; };
		1ACCDCAC1C3F7B4500E39371 /* DateController.swift */ = {isa = PBXFileReference; fileEncoding = 4; lastKnownFileType = sourcecode.swift; path = DateController.swift; sourceTree = "<group>"; };
		1AD29FD01C10E1760062D4D3 /* EditProfileTableViewController.swift */ = {isa = PBXFileReference; fileEncoding = 4; lastKnownFileType = sourcecode.swift; name = EditProfileTableViewController.swift; path = ../EditProfileTableViewController.swift; sourceTree = "<group>"; };
		1AF676511C2B254F00AAC71F /* DesignController.swift */ = {isa = PBXFileReference; fileEncoding = 4; lastKnownFileType = sourcecode.swift; path = DesignController.swift; sourceTree = "<group>"; };
/* End PBXFileReference section */

/* Begin PBXFrameworksBuildPhase section */
		1ABD3B3C1BFD3F6300544104 /* Frameworks */ = {
			isa = PBXFrameworksBuildPhase;
			buildActionMask = 2147483647;
			files = (
				1ABD3B941BFD77A900544104 /* libc++.tbd in Frameworks */,
				1ABD3B921BFD779600544104 /* libicucore.tbd in Frameworks */,
				1ABD3B901BFD778900544104 /* SystemConfiguration.framework in Frameworks */,
				1ABD3B8E1BFD777E00544104 /* Security.framework in Frameworks */,
				1ABD3B8C1BFD777500544104 /* CFNetwork.framework in Frameworks */,
				1ABD3B881BFD775400544104 /* Firebase.framework in Frameworks */,
			);
			runOnlyForDeploymentPostprocessing = 0;
		};
		1ABD3B501BFD3F6300544104 /* Frameworks */ = {
			isa = PBXFrameworksBuildPhase;
			buildActionMask = 2147483647;
			files = (
			);
			runOnlyForDeploymentPostprocessing = 0;
		};
		1ABD3B5B1BFD3F6300544104 /* Frameworks */ = {
			isa = PBXFrameworksBuildPhase;
			buildActionMask = 2147483647;
			files = (
			);
			runOnlyForDeploymentPostprocessing = 0;
		};
/* End PBXFrameworksBuildPhase section */

/* Begin PBXGroup section */
		1A7532A01C0CBACD00F42FFA /* Chat Cells */ = {
			isa = PBXGroup;
			children = (
				1A75329E1C0CBAC400F42FFA /* ChatRightAlignedTableViewCell.swift */,
				1A75329C1C0CBA7300F42FFA /* ChatLeftAlignedTableViewCell.swift */,
				1A7532FF1C0D10C300F42FFA /* NewChatTableViewCell.swift */,
			);
			name = "Chat Cells";
			sourceTree = "<group>";
		};
		1A82D9C21BFFBA6600524AD2 /* View Objects */ = {
			isa = PBXGroup;
			children = (
				1A7532A01C0CBACD00F42FFA /* Chat Cells */,
				1A82D9C51BFFBB8F00524AD2 /* Profile Cells */,
				1A82D9D21BFFDD1F00524AD2 /* Friendship Cells */,
			);
			name = "View Objects";
			sourceTree = "<group>";
		};
		1A82D9C51BFFBB8F00524AD2 /* Profile Cells */ = {
			isa = PBXGroup;
			children = (
				1A82D9C01BFFBA5E00524AD2 /* ProfileTitleCell.swift */,
				1A82D9C61BFFBEC200524AD2 /* ProfileImageCell.swift */,
				1A82D9C81BFFBF0E00524AD2 /* ProfileAboutCoupleCell.swift */,
				1A82D9CA1BFFBF2D00524AD2 /* ProfileAboutIndividualsCell.swift */,
			);
			name = "Profile Cells";
			sourceTree = "<group>";
		};
		1A82D9D21BFFDD1F00524AD2 /* Friendship Cells */ = {
			isa = PBXGroup;
			children = (
				1A82D9CE1BFFDD0600524AD2 /* FriendshipCollectionCell.swift */,
				1A82D9D01BFFDD1400524AD2 /* ConversationCell.swift */,
				1A82D9D31C01149300524AD2 /* FriendshipCell.swift */,
			);
			name = "Friendship Cells";
			sourceTree = "<group>";
		};
		1AA726461C1A30F800F90F92 /* GeoFire */ = {
			isa = PBXGroup;
			children = (
				1AA726471C1A310F00F90F92 /* Implementation */,
				1AA726481C1A311800F90F92 /* API */,
			);
			name = GeoFire;
			sourceTree = "<group>";
		};
		1AA726471C1A310F00F90F92 /* Implementation */ = {
			isa = PBXGroup;
			children = (
				1AA726331C1A30EC00F90F92 /* GeoFire+Private.h */,
				1AA726341C1A30EC00F90F92 /* GeoFire.m */,
				1AA726351C1A30EC00F90F92 /* GFQuery+Private.h */,
				1AA726361C1A30EC00F90F92 /* GFQuery.m */,
				1AA726371C1A30EC00F90F92 /* GFBase32Utils.h */,
				1AA726381C1A30EC00F90F92 /* GFBase32Utils.m */,
				1AA726391C1A30EC00F90F92 /* GFGeoHash.h */,
				1AA7263A1C1A30EC00F90F92 /* GFGeoHash.m */,
				1AA7263B1C1A30EC00F90F92 /* GFGeoHashQuery.h */,
				1AA7263C1C1A30EC00F90F92 /* GFGeoHashQuery.m */,
			);
			name = Implementation;
			sourceTree = "<group>";
		};
		1AA726481C1A311800F90F92 /* API */ = {
			isa = PBXGroup;
			children = (
				1AA7263D1C1A30EC00F90F92 /* GeoFire.h */,
				1AA7263E1C1A30EC00F90F92 /* GFQuery.h */,
				1AA7263F1C1A30EC00F90F92 /* GFCircleQuery.h */,
				1AA726401C1A30EC00F90F92 /* GFRegionQuery.h */,
			);
			name = API;
			sourceTree = "<group>";
		};
		1ABD3B361BFD3F6300544104 = {
			isa = PBXGroup;
			children = (
				1AA7262B1C1A132700F90F92 /* Double-Bridging-Header.h */,
				1AA725D01C1797D200F90F92 /* DatePickerActionSheet.swift */,
				1A6002161C2200A10003C026 /* PickerViewActionSheet.swift */,
				1A01DC7C1C1F5D1E005BB5F2 /* LocationPickerActionSheet.swift */,
				1ABD3B951BFD77B600544104 /* Frameworks */,
				1ABD3B411BFD3F6300544104 /* Double */,
				1AA726461C1A30F800F90F92 /* GeoFire */,
				1ABD3B561BFD3F6300544104 /* DoubleTests */,
				1ABD3B611BFD3F6300544104 /* DoubleUITests */,
				1ABD3B401BFD3F6300544104 /* Products */,
			);
			sourceTree = "<group>";
		};
		1ABD3B401BFD3F6300544104 /* Products */ = {
			isa = PBXGroup;
			children = (
				1ABD3B3F1BFD3F6300544104 /* Double.app */,
				1ABD3B531BFD3F6300544104 /* DoubleTests.xctest */,
				1ABD3B5E1BFD3F6300544104 /* DoubleUITests.xctest */,
			);
			name = Products;
			sourceTree = "<group>";
		};
		1ABD3B411BFD3F6300544104 /* Double */ = {
			isa = PBXGroup;
			children = (
				1ABD3B421BFD3F6300544104 /* AppDelegate.swift */,
				1ABD3B461BFD3F6300544104 /* Main.storyboard */,
				1ABD3B801BFD73E100544104 /* Model Objects */,
				1ABD3B791BFD72FC00544104 /* Model Controllers */,
				1A82D9C21BFFBA6600524AD2 /* View Objects */,
				1ABD3B761BFD728000544104 /* View Controllers */,
				1ABD3B491BFD3F6300544104 /* Assets.xcassets */,
				1ABD3B4B1BFD3F6300544104 /* LaunchScreen.storyboard */,
				1ABD3B4E1BFD3F6300544104 /* Info.plist */,
			);
			path = Double;
			sourceTree = "<group>";
		};
		1ABD3B561BFD3F6300544104 /* DoubleTests */ = {
			isa = PBXGroup;
			children = (
				1ABD3B571BFD3F6300544104 /* DoubleTests.swift */,
				1ABD3B591BFD3F6300544104 /* Info.plist */,
			);
			path = DoubleTests;
			sourceTree = "<group>";
		};
		1ABD3B611BFD3F6300544104 /* DoubleUITests */ = {
			isa = PBXGroup;
			children = (
				1ABD3B621BFD3F6300544104 /* DoubleUITests.swift */,
				1ABD3B641BFD3F6300544104 /* Info.plist */,
			);
			path = DoubleUITests;
			sourceTree = "<group>";
		};
		1ABD3B761BFD728000544104 /* View Controllers */ = {
			isa = PBXGroup;
			children = (
				1A82D9C31BFFBB4300524AD2 /* ProfileTableViewController.swift */,
				1A82D9CC1BFFD5B000524AD2 /* FriendshipTableViewController.swift */,
				1A75329A1C0CB9F400F42FFA /* ChatTableViewController.swift */,
				1AD29FD01C10E1760062D4D3 /* EditProfileTableViewController.swift */,
				1AA725571C15545200F90F92 /* LoginSignupPickerViewController.swift */,
				1AA725591C15548100F90F92 /* LoginViewController.swift */,
				1AA7255B1C15551F00F90F92 /* CreateAccountViewController.swift */,
				1AA7255D1C15553600F90F92 /* BasicInfoViewController.swift */,
			);
			name = "View Controllers";
			sourceTree = "<group>";
		};
		1ABD3B791BFD72FC00544104 /* Model Controllers */ = {
			isa = PBXGroup;
			children = (
				1ABD3B771BFD72F800544104 /* FirebaseController.swift */,
				1ABD3B961BFD8B4500544104 /* ImageController.swift */,
				1ABD3B981BFE2D0200544104 /* PersonController.swift */,
				1ABD3B9C1BFE2D1C00544104 /* ResponseController.swift */,
				1ABD3B9A1BFE2D1300544104 /* ProfileController.swift */,
				1ABD3B9E1BFE2D3000544104 /* FriendshipController.swift */,
				1ABD3BA01BFE2D3A00544104 /* MessageController.swift */,
				1ABD3BA21BFE2D4F00544104 /* ChildController.swift */,
				1AA725541C13720900F90F92 /* AccountController.swift */,
				1AA725F21C18E74000F90F92 /* LocationController.swift */,
				1AF676511C2B254F00AAC71F /* DesignController.swift */,
			);
			name = "Model Controllers";
			sourceTree = "<group>";
		};
		1ABD3B801BFD73E100544104 /* Model Objects */ = {
			isa = PBXGroup;
			children = (
				1ABD3B7A1BFD736700544104 /* Person.swift */,
				1ACCDCAC1C3F7B4500E39371 /* DateController.swift */,
				1ABD3B7C1BFD737000544104 /* Profile.swift */,
				1ABD3B7E1BFD73D700544104 /* Responses.swift */,
				1ABD3B811BFD73F800544104 /* Friendship.swift */,
				1ABD3B831BFD740400544104 /* Message.swift */,
				1ABD3B851BFD740C00544104 /* Child.swift */,
				1AA725521C136F6300F90F92 /* Account.swift */,
			);
			name = "Model Objects";
			sourceTree = "<group>";
		};
		1ABD3B951BFD77B600544104 /* Frameworks */ = {
			isa = PBXGroup;
			children = (
				1ABD3B931BFD77A900544104 /* libc++.tbd */,
				1ABD3B911BFD779600544104 /* libicucore.tbd */,
				1ABD3B8F1BFD778900544104 /* SystemConfiguration.framework */,
				1ABD3B8D1BFD777E00544104 /* Security.framework */,
				1ABD3B8B1BFD777500544104 /* CFNetwork.framework */,
				1ABD3B871BFD775400544104 /* Firebase.framework */,
			);
			name = Frameworks;
			sourceTree = "<group>";
		};
/* End PBXGroup section */

/* Begin PBXNativeTarget section */
		1ABD3B3E1BFD3F6300544104 /* Double */ = {
			isa = PBXNativeTarget;
			buildConfigurationList = 1ABD3B671BFD3F6300544104 /* Build configuration list for PBXNativeTarget "Double" */;
			buildPhases = (
				1ABD3B3B1BFD3F6300544104 /* Sources */,
				1ABD3B3C1BFD3F6300544104 /* Frameworks */,
				1ABD3B3D1BFD3F6300544104 /* Resources */,
				1ABD3B8A1BFD775400544104 /* Embed Frameworks */,
			);
			buildRules = (
			);
			dependencies = (
			);
			name = Double;
			productName = Double;
			productReference = 1ABD3B3F1BFD3F6300544104 /* Double.app */;
			productType = "com.apple.product-type.application";
		};
		1ABD3B521BFD3F6300544104 /* DoubleTests */ = {
			isa = PBXNativeTarget;
			buildConfigurationList = 1ABD3B6A1BFD3F6300544104 /* Build configuration list for PBXNativeTarget "DoubleTests" */;
			buildPhases = (
				1ABD3B4F1BFD3F6300544104 /* Sources */,
				1ABD3B501BFD3F6300544104 /* Frameworks */,
				1ABD3B511BFD3F6300544104 /* Resources */,
			);
			buildRules = (
			);
			dependencies = (
				1ABD3B551BFD3F6300544104 /* PBXTargetDependency */,
			);
			name = DoubleTests;
			productName = DoubleTests;
			productReference = 1ABD3B531BFD3F6300544104 /* DoubleTests.xctest */;
			productType = "com.apple.product-type.bundle.unit-test";
		};
		1ABD3B5D1BFD3F6300544104 /* DoubleUITests */ = {
			isa = PBXNativeTarget;
			buildConfigurationList = 1ABD3B6D1BFD3F6300544104 /* Build configuration list for PBXNativeTarget "DoubleUITests" */;
			buildPhases = (
				1ABD3B5A1BFD3F6300544104 /* Sources */,
				1ABD3B5B1BFD3F6300544104 /* Frameworks */,
				1ABD3B5C1BFD3F6300544104 /* Resources */,
			);
			buildRules = (
			);
			dependencies = (
				1ABD3B601BFD3F6300544104 /* PBXTargetDependency */,
			);
			name = DoubleUITests;
			productName = DoubleUITests;
			productReference = 1ABD3B5E1BFD3F6300544104 /* DoubleUITests.xctest */;
			productType = "com.apple.product-type.bundle.ui-testing";
		};
/* End PBXNativeTarget section */

/* Begin PBXProject section */
		1ABD3B371BFD3F6300544104 /* Project object */ = {
			isa = PBXProject;
			attributes = {
				LastSwiftUpdateCheck = 0710;
				LastUpgradeCheck = 0710;
				ORGANIZATIONNAME = "James Pacheco";
				TargetAttributes = {
					1ABD3B3E1BFD3F6300544104 = {
						CreatedOnToolsVersion = 7.1.1;
						DevelopmentTeam = 2HKCZL2J7X;
					};
					1ABD3B521BFD3F6300544104 = {
						CreatedOnToolsVersion = 7.1.1;
						DevelopmentTeam = LWPMR5Q9R2;
						TestTargetID = 1ABD3B3E1BFD3F6300544104;
					};
					1ABD3B5D1BFD3F6300544104 = {
						CreatedOnToolsVersion = 7.1.1;
						DevelopmentTeam = LWPMR5Q9R2;
						TestTargetID = 1ABD3B3E1BFD3F6300544104;
					};
				};
			};
			buildConfigurationList = 1ABD3B3A1BFD3F6300544104 /* Build configuration list for PBXProject "Double" */;
			compatibilityVersion = "Xcode 3.2";
			developmentRegion = English;
			hasScannedForEncodings = 0;
			knownRegions = (
				en,
				Base,
			);
			mainGroup = 1ABD3B361BFD3F6300544104;
			productRefGroup = 1ABD3B401BFD3F6300544104 /* Products */;
			projectDirPath = "";
			projectRoot = "";
			targets = (
				1ABD3B3E1BFD3F6300544104 /* Double */,
				1ABD3B521BFD3F6300544104 /* DoubleTests */,
				1ABD3B5D1BFD3F6300544104 /* DoubleUITests */,
			);
		};
/* End PBXProject section */

/* Begin PBXResourcesBuildPhase section */
		1ABD3B3D1BFD3F6300544104 /* Resources */ = {
			isa = PBXResourcesBuildPhase;
			buildActionMask = 2147483647;
			files = (
				1ABD3B4D1BFD3F6300544104 /* LaunchScreen.storyboard in Resources */,
				1ABD3B4A1BFD3F6300544104 /* Assets.xcassets in Resources */,
				1ABD3B481BFD3F6300544104 /* Main.storyboard in Resources */,
			);
			runOnlyForDeploymentPostprocessing = 0;
		};
		1ABD3B511BFD3F6300544104 /* Resources */ = {
			isa = PBXResourcesBuildPhase;
			buildActionMask = 2147483647;
			files = (
			);
			runOnlyForDeploymentPostprocessing = 0;
		};
		1ABD3B5C1BFD3F6300544104 /* Resources */ = {
			isa = PBXResourcesBuildPhase;
			buildActionMask = 2147483647;
			files = (
			);
			runOnlyForDeploymentPostprocessing = 0;
		};
/* End PBXResourcesBuildPhase section */

/* Begin PBXSourcesBuildPhase section */
		1ABD3B3B1BFD3F6300544104 /* Sources */ = {
			isa = PBXSourcesBuildPhase;
			buildActionMask = 2147483647;
			files = (
				1ABD3B7F1BFD73D700544104 /* Responses.swift in Sources */,
				1A75329D1C0CBA7300F42FFA /* ChatLeftAlignedTableViewCell.swift in Sources */,
				1AD29FD11C10E1760062D4D3 /* EditProfileTableViewController.swift in Sources */,
				1A82D9CF1BFFDD0600524AD2 /* FriendshipCollectionCell.swift in Sources */,
				1A82D9C71BFFBEC200524AD2 /* ProfileImageCell.swift in Sources */,
				1AA7255E1C15553600F90F92 /* BasicInfoViewController.swift in Sources */,
				1AA725531C136F6300F90F92 /* Account.swift in Sources */,
				1ABD3B7B1BFD736700544104 /* Person.swift in Sources */,
				1ABD3B9D1BFE2D1C00544104 /* ResponseController.swift in Sources */,
				1A75329F1C0CBAC400F42FFA /* ChatRightAlignedTableViewCell.swift in Sources */,
				1ABD3B781BFD72F800544104 /* FirebaseController.swift in Sources */,
				1ABD3BA11BFE2D3A00544104 /* MessageController.swift in Sources */,
				1AA726441C1A30EC00F90F92 /* GFGeoHash.m in Sources */,
				1AA726421C1A30EC00F90F92 /* GFQuery.m in Sources */,
				1ABD3B991BFE2D0200544104 /* PersonController.swift in Sources */,
				1AA725581C15545200F90F92 /* LoginSignupPickerViewController.swift in Sources */,
				1AF676521C2B254F00AAC71F /* DesignController.swift in Sources */,
				1ABD3B9F1BFE2D3000544104 /* FriendshipController.swift in Sources */,
				1A6002171C2200A10003C026 /* PickerViewActionSheet.swift in Sources */,
				1AA726431C1A30EC00F90F92 /* GFBase32Utils.m in Sources */,
				1ABD3B821BFD73F800544104 /* Friendship.swift in Sources */,
				1ABD3B861BFD740C00544104 /* Child.swift in Sources */,
				1ABD3B431BFD3F6300544104 /* AppDelegate.swift in Sources */,
				1AA725F31C18E74000F90F92 /* LocationController.swift in Sources */,
				1A82D9C41BFFBB4300524AD2 /* ProfileTableViewController.swift in Sources */,
				1AA726451C1A30EC00F90F92 /* GFGeoHashQuery.m in Sources */,
				1ABD3BA31BFE2D4F00544104 /* ChildController.swift in Sources */,
				1A75329B1C0CB9F400F42FFA /* ChatTableViewController.swift in Sources */,
				1ABD3B9B1BFE2D1300544104 /* ProfileController.swift in Sources */,
				1AA7255A1C15548100F90F92 /* LoginViewController.swift in Sources */,
				1A82D9C11BFFBA5E00524AD2 /* ProfileTitleCell.swift in Sources */,
				1AA726411C1A30EC00F90F92 /* GeoFire.m in Sources */,
				1ABD3B7D1BFD737000544104 /* Profile.swift in Sources */,
				1AA7255C1C15551F00F90F92 /* CreateAccountViewController.swift in Sources */,
				1A01DC7D1C1F5D1E005BB5F2 /* LocationPickerActionSheet.swift in Sources */,
				1A82D9D41C01149300524AD2 /* FriendshipCell.swift in Sources */,
				1ABD3B841BFD740400544104 /* Message.swift in Sources */,
				1ACCDCAD1C3F7B4500E39371 /* DateController.swift in Sources */,
				1A7533001C0D10C300F42FFA /* NewChatTableViewCell.swift in Sources */,
				1AA725D11C1797D200F90F92 /* DatePickerActionSheet.swift in Sources */,
				1A82D9CB1BFFBF2D00524AD2 /* ProfileAboutIndividualsCell.swift in Sources */,
				1AA725551C13720900F90F92 /* AccountController.swift in Sources */,
				1A82D9D11BFFDD1400524AD2 /* ConversationCell.swift in Sources */,
				1A82D9C91BFFBF0E00524AD2 /* ProfileAboutCoupleCell.swift in Sources */,
				1ABD3B971BFD8B4500544104 /* ImageController.swift in Sources */,
				1A82D9CD1BFFD5B000524AD2 /* FriendshipTableViewController.swift in Sources */,
			);
			runOnlyForDeploymentPostprocessing = 0;
		};
		1ABD3B4F1BFD3F6300544104 /* Sources */ = {
			isa = PBXSourcesBuildPhase;
			buildActionMask = 2147483647;
			files = (
				1ABD3B581BFD3F6300544104 /* DoubleTests.swift in Sources */,
			);
			runOnlyForDeploymentPostprocessing = 0;
		};
		1ABD3B5A1BFD3F6300544104 /* Sources */ = {
			isa = PBXSourcesBuildPhase;
			buildActionMask = 2147483647;
			files = (
				1ABD3B631BFD3F6300544104 /* DoubleUITests.swift in Sources */,
			);
			runOnlyForDeploymentPostprocessing = 0;
		};
/* End PBXSourcesBuildPhase section */

/* Begin PBXTargetDependency section */
		1ABD3B551BFD3F6300544104 /* PBXTargetDependency */ = {
			isa = PBXTargetDependency;
			target = 1ABD3B3E1BFD3F6300544104 /* Double */;
			targetProxy = 1ABD3B541BFD3F6300544104 /* PBXContainerItemProxy */;
		};
		1ABD3B601BFD3F6300544104 /* PBXTargetDependency */ = {
			isa = PBXTargetDependency;
			target = 1ABD3B3E1BFD3F6300544104 /* Double */;
			targetProxy = 1ABD3B5F1BFD3F6300544104 /* PBXContainerItemProxy */;
		};
/* End PBXTargetDependency section */

/* Begin PBXVariantGroup section */
		1ABD3B461BFD3F6300544104 /* Main.storyboard */ = {
			isa = PBXVariantGroup;
			children = (
				1ABD3B471BFD3F6300544104 /* Base */,
			);
			name = Main.storyboard;
			sourceTree = "<group>";
		};
		1ABD3B4B1BFD3F6300544104 /* LaunchScreen.storyboard */ = {
			isa = PBXVariantGroup;
			children = (
				1ABD3B4C1BFD3F6300544104 /* Base */,
			);
			name = LaunchScreen.storyboard;
			sourceTree = "<group>";
		};
/* End PBXVariantGroup section */

/* Begin XCBuildConfiguration section */
		1ABD3B651BFD3F6300544104 /* Debug */ = {
			isa = XCBuildConfiguration;
			buildSettings = {
				ALWAYS_SEARCH_USER_PATHS = NO;
				CLANG_CXX_LANGUAGE_STANDARD = "gnu++0x";
				CLANG_CXX_LIBRARY = "libc++";
				CLANG_ENABLE_MODULES = YES;
				CLANG_ENABLE_OBJC_ARC = YES;
				CLANG_WARN_BOOL_CONVERSION = YES;
				CLANG_WARN_CONSTANT_CONVERSION = YES;
				CLANG_WARN_DIRECT_OBJC_ISA_USAGE = YES_ERROR;
				CLANG_WARN_EMPTY_BODY = YES;
				CLANG_WARN_ENUM_CONVERSION = YES;
				CLANG_WARN_INT_CONVERSION = YES;
				CLANG_WARN_OBJC_ROOT_CLASS = YES_ERROR;
				CLANG_WARN_UNREACHABLE_CODE = YES;
				CLANG_WARN__DUPLICATE_METHOD_MATCH = YES;
				"CODE_SIGN_IDENTITY[sdk=iphoneos*]" = "iPhone Developer";
				COPY_PHASE_STRIP = NO;
				DEBUG_INFORMATION_FORMAT = dwarf;
				ENABLE_STRICT_OBJC_MSGSEND = YES;
				ENABLE_TESTABILITY = YES;
				GCC_C_LANGUAGE_STANDARD = gnu99;
				GCC_DYNAMIC_NO_PIC = NO;
				GCC_NO_COMMON_BLOCKS = YES;
				GCC_OPTIMIZATION_LEVEL = 0;
				GCC_PREPROCESSOR_DEFINITIONS = (
					"DEBUG=1",
					"$(inherited)",
				);
				GCC_WARN_64_TO_32_BIT_CONVERSION = YES;
				GCC_WARN_ABOUT_RETURN_TYPE = YES_ERROR;
				GCC_WARN_UNDECLARED_SELECTOR = YES;
				GCC_WARN_UNINITIALIZED_AUTOS = YES_AGGRESSIVE;
				GCC_WARN_UNUSED_FUNCTION = YES;
				GCC_WARN_UNUSED_VARIABLE = YES;
				IPHONEOS_DEPLOYMENT_TARGET = 9.1;
				MTL_ENABLE_DEBUG_INFO = YES;
				ONLY_ACTIVE_ARCH = YES;
				SDKROOT = iphoneos;
				SWIFT_OPTIMIZATION_LEVEL = "-Onone";
			};
			name = Debug;
		};
		1ABD3B661BFD3F6300544104 /* Release */ = {
			isa = XCBuildConfiguration;
			buildSettings = {
				ALWAYS_SEARCH_USER_PATHS = NO;
				CLANG_CXX_LANGUAGE_STANDARD = "gnu++0x";
				CLANG_CXX_LIBRARY = "libc++";
				CLANG_ENABLE_MODULES = YES;
				CLANG_ENABLE_OBJC_ARC = YES;
				CLANG_WARN_BOOL_CONVERSION = YES;
				CLANG_WARN_CONSTANT_CONVERSION = YES;
				CLANG_WARN_DIRECT_OBJC_ISA_USAGE = YES_ERROR;
				CLANG_WARN_EMPTY_BODY = YES;
				CLANG_WARN_ENUM_CONVERSION = YES;
				CLANG_WARN_INT_CONVERSION = YES;
				CLANG_WARN_OBJC_ROOT_CLASS = YES_ERROR;
				CLANG_WARN_UNREACHABLE_CODE = YES;
				CLANG_WARN__DUPLICATE_METHOD_MATCH = YES;
				"CODE_SIGN_IDENTITY[sdk=iphoneos*]" = "iPhone Developer";
				COPY_PHASE_STRIP = NO;
				DEBUG_INFORMATION_FORMAT = "dwarf-with-dsym";
				ENABLE_NS_ASSERTIONS = NO;
				ENABLE_STRICT_OBJC_MSGSEND = YES;
				GCC_C_LANGUAGE_STANDARD = gnu99;
				GCC_NO_COMMON_BLOCKS = YES;
				GCC_WARN_64_TO_32_BIT_CONVERSION = YES;
				GCC_WARN_ABOUT_RETURN_TYPE = YES_ERROR;
				GCC_WARN_UNDECLARED_SELECTOR = YES;
				GCC_WARN_UNINITIALIZED_AUTOS = YES_AGGRESSIVE;
				GCC_WARN_UNUSED_FUNCTION = YES;
				GCC_WARN_UNUSED_VARIABLE = YES;
				IPHONEOS_DEPLOYMENT_TARGET = 9.1;
				MTL_ENABLE_DEBUG_INFO = NO;
				SDKROOT = iphoneos;
				VALIDATE_PRODUCT = YES;
			};
			name = Release;
		};
		1ABD3B681BFD3F6300544104 /* Debug */ = {
			isa = XCBuildConfiguration;
			buildSettings = {
				ASSETCATALOG_COMPILER_APPICON_NAME = AppIcon;
				CLANG_ENABLE_MODULES = YES;
				CODE_SIGN_IDENTITY = "iPhone Developer";
				CURRENT_PROJECT_VERSION = 2;
				FRAMEWORK_SEARCH_PATHS = (
					"$(inherited)",
					"$(PROJECT_DIR)",
				);
				INFOPLIST_FILE = Double/Info.plist;
				LD_RUNPATH_SEARCH_PATHS = "$(inherited) @executable_path/Frameworks";
				PRODUCT_BUNDLE_IDENTIFIER = com.example.Double;
				PRODUCT_NAME = "$(TARGET_NAME)";
				SWIFT_INSTALL_OBJC_HEADER = YES;
				SWIFT_OBJC_BRIDGING_HEADER = "Double-Bridging-Header.h";
				SWIFT_OPTIMIZATION_LEVEL = "-Onone";
			};
			name = Debug;
		};
		1ABD3B691BFD3F6300544104 /* Release */ = {
			isa = XCBuildConfiguration;
			buildSettings = {
				ASSETCATALOG_COMPILER_APPICON_NAME = AppIcon;
				CLANG_ENABLE_MODULES = YES;
				CODE_SIGN_IDENTITY = "iPhone Developer";
				CURRENT_PROJECT_VERSION = 2;
				FRAMEWORK_SEARCH_PATHS = (
					"$(inherited)",
					"$(PROJECT_DIR)",
				);
				INFOPLIST_FILE = Double/Info.plist;
				LD_RUNPATH_SEARCH_PATHS = "$(inherited) @executable_path/Frameworks";
				PRODUCT_BUNDLE_IDENTIFIER = com.example.Double;
				PRODUCT_NAME = "$(TARGET_NAME)";
				SWIFT_INSTALL_OBJC_HEADER = YES;
				SWIFT_OBJC_BRIDGING_HEADER = "Double-Bridging-Header.h";
			};
			name = Release;
		};
		1ABD3B6B1BFD3F6300544104 /* Debug */ = {
			isa = XCBuildConfiguration;
			buildSettings = {
				BUNDLE_LOADER = "$(TEST_HOST)";
				INFOPLIST_FILE = DoubleTests/Info.plist;
				LD_RUNPATH_SEARCH_PATHS = "$(inherited) @executable_path/Frameworks @loader_path/Frameworks";
				PRODUCT_BUNDLE_IDENTIFIER = com.example.DoubleTests;
				PRODUCT_NAME = "$(TARGET_NAME)";
				TEST_HOST = "$(BUILT_PRODUCTS_DIR)/Double.app/Double";
			};
			name = Debug;
		};
		1ABD3B6C1BFD3F6300544104 /* Release */ = {
			isa = XCBuildConfiguration;
			buildSettings = {
				BUNDLE_LOADER = "$(TEST_HOST)";
				INFOPLIST_FILE = DoubleTests/Info.plist;
				LD_RUNPATH_SEARCH_PATHS = "$(inherited) @executable_path/Frameworks @loader_path/Frameworks";
				PRODUCT_BUNDLE_IDENTIFIER = com.example.DoubleTests;
				PRODUCT_NAME = "$(TARGET_NAME)";
				TEST_HOST = "$(BUILT_PRODUCTS_DIR)/Double.app/Double";
			};
			name = Release;
		};
		1ABD3B6E1BFD3F6300544104 /* Debug */ = {
			isa = XCBuildConfiguration;
			buildSettings = {
				INFOPLIST_FILE = DoubleUITests/Info.plist;
				LD_RUNPATH_SEARCH_PATHS = "$(inherited) @executable_path/Frameworks @loader_path/Frameworks";
				PRODUCT_BUNDLE_IDENTIFIER = com.example.DoubleUITests;
				PRODUCT_NAME = "$(TARGET_NAME)";
				TEST_TARGET_NAME = Double;
				USES_XCTRUNNER = YES;
			};
			name = Debug;
		};
		1ABD3B6F1BFD3F6300544104 /* Release */ = {
			isa = XCBuildConfiguration;
			buildSettings = {
				INFOPLIST_FILE = DoubleUITests/Info.plist;
				LD_RUNPATH_SEARCH_PATHS = "$(inherited) @executable_path/Frameworks @loader_path/Frameworks";
				PRODUCT_BUNDLE_IDENTIFIER = com.example.DoubleUITests;
				PRODUCT_NAME = "$(TARGET_NAME)";
				TEST_TARGET_NAME = Double;
				USES_XCTRUNNER = YES;
			};
			name = Release;
		};
/* End XCBuildConfiguration section */

/* Begin XCConfigurationList section */
		1ABD3B3A1BFD3F6300544104 /* Build configuration list for PBXProject "Double" */ = {
			isa = XCConfigurationList;
			buildConfigurations = (
				1ABD3B651BFD3F6300544104 /* Debug */,
				1ABD3B661BFD3F6300544104 /* Release */,
			);
			defaultConfigurationIsVisible = 0;
			defaultConfigurationName = Release;
		};
		1ABD3B671BFD3F6300544104 /* Build configuration list for PBXNativeTarget "Double" */ = {
			isa = XCConfigurationList;
			buildConfigurations = (
				1ABD3B681BFD3F6300544104 /* Debug */,
				1ABD3B691BFD3F6300544104 /* Release */,
			);
			defaultConfigurationIsVisible = 0;
			defaultConfigurationName = Release;
		};
		1ABD3B6A1BFD3F6300544104 /* Build configuration list for PBXNativeTarget "DoubleTests" */ = {
			isa = XCConfigurationList;
			buildConfigurations = (
				1ABD3B6B1BFD3F6300544104 /* Debug */,
				1ABD3B6C1BFD3F6300544104 /* Release */,
			);
			defaultConfigurationIsVisible = 0;
			defaultConfigurationName = Release;
		};
		1ABD3B6D1BFD3F6300544104 /* Build configuration list for PBXNativeTarget "DoubleUITests" */ = {
			isa = XCConfigurationList;
			buildConfigurations = (
				1ABD3B6E1BFD3F6300544104 /* Debug */,
				1ABD3B6F1BFD3F6300544104 /* Release */,
			);
			defaultConfigurationIsVisible = 0;
			defaultConfigurationName = Release;
		};
/* End XCConfigurationList section */
	};
	rootObject = 1ABD3B371BFD3F6300544104 /* Project object */;
}
