// !$*UTF8*$!
{
	archiveVersion = 1;
	classes = {
	};
	objectVersion = 46;
	objects = {

/* Begin PBXBuildFile section */
		1ABD3B431BFD3F6300544104 /* AppDelegate.swift in Sources */ = {isa = PBXBuildFile; fileRef = 1ABD3B421BFD3F6300544104 /* AppDelegate.swift */; };
		1ABD3B451BFD3F6300544104 /* ViewController.swift in Sources */ = {isa = PBXBuildFile; fileRef = 1ABD3B441BFD3F6300544104 /* ViewController.swift */; };
		1ABD3B481BFD3F6300544104 /* Main.storyboard in Resources */ = {isa = PBXBuildFile; fileRef = 1ABD3B461BFD3F6300544104 /* Main.storyboard */; };
		1ABD3B4A1BFD3F6300544104 /* Assets.xcassets in Resources */ = {isa = PBXBuildFile; fileRef = 1ABD3B491BFD3F6300544104 /* Assets.xcassets */; };
		1ABD3B4D1BFD3F6300544104 /* LaunchScreen.storyboard in Resources */ = {isa = PBXBuildFile; fileRef = 1ABD3B4B1BFD3F6300544104 /* LaunchScreen.storyboard */; };
		1ABD3B581BFD3F6300544104 /* DoubleTests.swift in Sources */ = {isa = PBXBuildFile; fileRef = 1ABD3B571BFD3F6300544104 /* DoubleTests.swift */; };
		1ABD3B631BFD3F6300544104 /* DoubleUITests.swift in Sources */ = {isa = PBXBuildFile; fileRef = 1ABD3B621BFD3F6300544104 /* DoubleUITests.swift */; };
/* End PBXBuildFile section */

/* Begin PBXContainerItemProxy section */
		1ABD3B541BFD3F6300544104 /* PBXContainerItemProxy */ = {
			isa = PBXContainerItemProxy;
			containerPortal = 1ABD3B371BFD3F6300544104 /* Project object */;
			proxyType = 1;
			remoteGlobalIDString = 1ABD3B3E1BFD3F6300544104;
			remoteInfo = Double;
		};
		1ABD3B5F1BFD3F6300544104 /* PBXContainerItemProxy */ = {
			isa = PBXContainerItemProxy;
			containerPortal = 1ABD3B371BFD3F6300544104 /* Project object */;
			proxyType = 1;
			remoteGlobalIDString = 1ABD3B3E1BFD3F6300544104;
			remoteInfo = Double;
		};
/* End PBXContainerItemProxy section */

/* Begin PBXFileReference section */
		1ABD3B3F1BFD3F6300544104 /* Double.app */ = {isa = PBXFileReference; explicitFileType = wrapper.application; includeInIndex = 0; path = Double.app; sourceTree = BUILT_PRODUCTS_DIR; };
		1ABD3B421BFD3F6300544104 /* AppDelegate.swift */ = {isa = PBXFileReference; lastKnownFileType = sourcecode.swift; path = AppDelegate.swift; sourceTree = "<group>"; };
		1ABD3B441BFD3F6300544104 /* ViewController.swift */ = {isa = PBXFileReference; lastKnownFileType = sourcecode.swift; path = ViewController.swift; sourceTree = "<group>"; };
		1ABD3B471BFD3F6300544104 /* Base */ = {isa = PBXFileReference; lastKnownFileType = file.storyboard; name = Base; path = Base.lproj/Main.storyboard; sourceTree = "<group>"; };
		1ABD3B491BFD3F6300544104 /* Assets.xcassets */ = {isa = PBXFileReference; lastKnownFileType = folder.assetcatalog; path = Assets.xcassets; sourceTree = "<group>"; };
		1ABD3B4C1BFD3F6300544104 /* Base */ = {isa = PBXFileReference; lastKnownFileType = file.storyboard; name = Base; path = Base.lproj/LaunchScreen.storyboard; sourceTree = "<group>"; };
		1ABD3B4E1BFD3F6300544104 /* Info.plist */ = {isa = PBXFileReference; lastKnownFileType = text.plist.xml; path = Info.plist; sourceTree = "<group>"; };
		1ABD3B531BFD3F6300544104 /* DoubleTests.xctest */ = {isa = PBXFileReference; explicitFileType = wrapper.cfbundle; includeInIndex = 0; path = DoubleTests.xctest; sourceTree = BUILT_PRODUCTS_DIR; };
		1ABD3B571BFD3F6300544104 /* DoubleTests.swift */ = {isa = PBXFileReference; lastKnownFileType = sourcecode.swift; path = DoubleTests.swift; sourceTree = "<group>"; };
		1ABD3B591BFD3F6300544104 /* Info.plist */ = {isa = PBXFileReference; lastKnownFileType = text.plist.xml; path = Info.plist; sourceTree = "<group>"; };
		1ABD3B5E1BFD3F6300544104 /* DoubleUITests.xctest */ = {isa = PBXFileReference; explicitFileType = wrapper.cfbundle; includeInIndex = 0; path = DoubleUITests.xctest; sourceTree = BUILT_PRODUCTS_DIR; };
		1ABD3B621BFD3F6300544104 /* DoubleUITests.swift */ = {isa = PBXFileReference; lastKnownFileType = sourcecode.swift; path = DoubleUITests.swift; sourceTree = "<group>"; };
		1ABD3B641BFD3F6300544104 /* Info.plist */ = {isa = PBXFileReference; lastKnownFileType = text.plist.xml; path = Info.plist; sourceTree = "<group>"; };
/* End PBXFileReference section */

/* Begin PBXFrameworksBuildPhase section */
		1ABD3B3C1BFD3F6300544104 /* Frameworks */ = {
			isa = PBXFrameworksBuildPhase;
			buildActionMask = 2147483647;
			files = (
			);
			runOnlyForDeploymentPostprocessing = 0;
		};
		1ABD3B501BFD3F6300544104 /* Frameworks */ = {
			isa = PBXFrameworksBuildPhase;
			buildActionMask = 2147483647;
			files = (
			);
			runOnlyForDeploymentPostprocessing = 0;
		};
		1ABD3B5B1BFD3F6300544104 /* Frameworks */ = {
			isa = PBXFrameworksBuildPhase;
			buildActionMask = 2147483647;
			files = (
			);
			runOnlyForDeploymentPostprocessing = 0;
		};
/* End PBXFrameworksBuildPhase section */

/* Begin PBXGroup section */
		1ABD3B361BFD3F6300544104 = {
			isa = PBXGroup;
			children = (
				1ABD3B411BFD3F6300544104 /* Double */,
				1ABD3B561BFD3F6300544104 /* DoubleTests */,
				1ABD3B611BFD3F6300544104 /* DoubleUITests */,
				1ABD3B401BFD3F6300544104 /* Products */,
			);
			sourceTree = "<group>";
		};
		1ABD3B401BFD3F6300544104 /* Products */ = {
			isa = PBXGroup;
			children = (
				1ABD3B3F1BFD3F6300544104 /* Double.app */,
				1ABD3B531BFD3F6300544104 /* DoubleTests.xctest */,
				1ABD3B5E1BFD3F6300544104 /* DoubleUITests.xctest */,
			);
			name = Products;
			sourceTree = "<group>";
		};
		1ABD3B411BFD3F6300544104 /* Double */ = {
			isa = PBXGroup;
			children = (
				1ABD3B421BFD3F6300544104 /* AppDelegate.swift */,
				1ABD3B441BFD3F6300544104 /* ViewController.swift */,
				1ABD3B461BFD3F6300544104 /* Main.storyboard */,
				1ABD3B491BFD3F6300544104 /* Assets.xcassets */,
				1ABD3B4B1BFD3F6300544104 /* LaunchScreen.storyboard */,
				1ABD3B4E1BFD3F6300544104 /* Info.plist */,
			);
			path = Double;
			sourceTree = "<group>";
		};
		1ABD3B561BFD3F6300544104 /* DoubleTests */ = {
			isa = PBXGroup;
			children = (
				1ABD3B571BFD3F6300544104 /* DoubleTests.swift */,
				1ABD3B591BFD3F6300544104 /* Info.plist */,
			);
			path = DoubleTests;
			sourceTree = "<group>";
		};
		1ABD3B611BFD3F6300544104 /* DoubleUITests */ = {
			isa = PBXGroup;
			children = (
				1ABD3B621BFD3F6300544104 /* DoubleUITests.swift */,
				1ABD3B641BFD3F6300544104 /* Info.plist */,
			);
			path = DoubleUITests;
			sourceTree = "<group>";
		};
/* End PBXGroup section */

/* Begin PBXNativeTarget section */
		1ABD3B3E1BFD3F6300544104 /* Double */ = {
			isa = PBXNativeTarget;
			buildConfigurationList = 1ABD3B671BFD3F6300544104 /* Build configuration list for PBXNativeTarget "Double" */;
			buildPhases = (
				1ABD3B3B1BFD3F6300544104 /* Sources */,
				1ABD3B3C1BFD3F6300544104 /* Frameworks */,
				1ABD3B3D1BFD3F6300544104 /* Resources */,
			);
			buildRules = (
			);
			dependencies = (
			);
			name = Double;
			productName = Double;
			productReference = 1ABD3B3F1BFD3F6300544104 /* Double.app */;
			productType = "com.apple.product-type.application";
		};
		1ABD3B521BFD3F6300544104 /* DoubleTests */ = {
			isa = PBXNativeTarget;
			buildConfigurationList = 1ABD3B6A1BFD3F6300544104 /* Build configuration list for PBXNativeTarget "DoubleTests" */;
			buildPhases = (
				1ABD3B4F1BFD3F6300544104 /* Sources */,
				1ABD3B501BFD3F6300544104 /* Frameworks */,
				1ABD3B511BFD3F6300544104 /* Resources */,
			);
			buildRules = (
			);
			dependencies = (
				1ABD3B551BFD3F6300544104 /* PBXTargetDependency */,
			);
			name = DoubleTests;
			productName = DoubleTests;
			productReference = 1ABD3B531BFD3F6300544104 /* DoubleTests.xctest */;
			productType = "com.apple.product-type.bundle.unit-test";
		};
		1ABD3B5D1BFD3F6300544104 /* DoubleUITests */ = {
			isa = PBXNativeTarget;
			buildConfigurationList = 1ABD3B6D1BFD3F6300544104 /* Build configuration list for PBXNativeTarget "DoubleUITests" */;
			buildPhases = (
				1ABD3B5A1BFD3F6300544104 /* Sources */,
				1ABD3B5B1BFD3F6300544104 /* Frameworks */,
				1ABD3B5C1BFD3F6300544104 /* Resources */,
			);
			buildRules = (
			);
			dependencies = (
				1ABD3B601BFD3F6300544104 /* PBXTargetDependency */,
			);
			name = DoubleUITests;
			productName = DoubleUITests;
			productReference = 1ABD3B5E1BFD3F6300544104 /* DoubleUITests.xctest */;
			productType = "com.apple.product-type.bundle.ui-testing";
		};
/* End PBXNativeTarget section */

/* Begin PBXProject section */
		1ABD3B371BFD3F6300544104 /* Project object */ = {
			isa = PBXProject;
			attributes = {
				LastSwiftUpdateCheck = 0710;
				LastUpgradeCheck = 0710;
				ORGANIZATIONNAME = "James Pacheco";
				TargetAttributes = {
					1ABD3B3E1BFD3F6300544104 = {
						CreatedOnToolsVersion = 7.1.1;
						DevelopmentTeam = LWPMR5Q9R2;
					};
					1ABD3B521BFD3F6300544104 = {
						CreatedOnToolsVersion = 7.1.1;
						DevelopmentTeam = LWPMR5Q9R2;
						TestTargetID = 1ABD3B3E1BFD3F6300544104;
					};
					1ABD3B5D1BFD3F6300544104 = {
						CreatedOnToolsVersion = 7.1.1;
						DevelopmentTeam = LWPMR5Q9R2;
						TestTargetID = 1ABD3B3E1BFD3F6300544104;
					};
				};
			};
			buildConfigurationList = 1ABD3B3A1BFD3F6300544104 /* Build configuration list for PBXProject "Double" */;
			compatibilityVersion = "Xcode 3.2";
			developmentRegion = English;
			hasScannedForEncodings = 0;
			knownRegions = (
				en,
				Base,
			);
			mainGroup = 1ABD3B361BFD3F6300544104;
			productRefGroup = 1ABD3B401BFD3F6300544104 /* Products */;
			projectDirPath = "";
			projectRoot = "";
			targets = (
				1ABD3B3E1BFD3F6300544104 /* Double */,
				1ABD3B521BFD3F6300544104 /* DoubleTests */,
				1ABD3B5D1BFD3F6300544104 /* DoubleUITests */,
			);
		};
/* End PBXProject section */

/* Begin PBXResourcesBuildPhase section */
		1ABD3B3D1BFD3F6300544104 /* Resources */ = {
			isa = PBXResourcesBuildPhase;
			buildActionMask = 2147483647;
			files = (
				1ABD3B4D1BFD3F6300544104 /* LaunchScreen.storyboard in Resources */,
				1ABD3B4A1BFD3F6300544104 /* Assets.xcassets in Resources */,
				1ABD3B481BFD3F6300544104 /* Main.storyboard in Resources */,
			);
			runOnlyForDeploymentPostprocessing = 0;
		};
		1ABD3B511BFD3F6300544104 /* Resources */ = {
			isa = PBXResourcesBuildPhase;
			buildActionMask = 2147483647;
			files = (
			);
			runOnlyForDeploymentPostprocessing = 0;
		};
		1ABD3B5C1BFD3F6300544104 /* Resources */ = {
			isa = PBXResourcesBuildPhase;
			buildActionMask = 2147483647;
			files = (
			);
			runOnlyForDeploymentPostprocessing = 0;
		};
/* End PBXResourcesBuildPhase section */

/* Begin PBXSourcesBuildPhase section */
		1ABD3B3B1BFD3F6300544104 /* Sources */ = {
			isa = PBXSourcesBuildPhase;
			buildActionMask = 2147483647;
			files = (
				1ABD3B451BFD3F6300544104 /* ViewController.swift in Sources */,
				1ABD3B431BFD3F6300544104 /* AppDelegate.swift in Sources */,
			);
			runOnlyForDeploymentPostprocessing = 0;
		};
		1ABD3B4F1BFD3F6300544104 /* Sources */ = {
			isa = PBXSourcesBuildPhase;
			buildActionMask = 2147483647;
			files = (
				1ABD3B581BFD3F6300544104 /* DoubleTests.swift in Sources */,
			);
			runOnlyForDeploymentPostprocessing = 0;
		};
		1ABD3B5A1BFD3F6300544104 /* Sources */ = {
			isa = PBXSourcesBuildPhase;
			buildActionMask = 2147483647;
			files = (
				1ABD3B631BFD3F6300544104 /* DoubleUITests.swift in Sources */,
			);
			runOnlyForDeploymentPostprocessing = 0;
		};
/* End PBXSourcesBuildPhase section */

/* Begin PBXTargetDependency section */
		1ABD3B551BFD3F6300544104 /* PBXTargetDependency */ = {
			isa = PBXTargetDependency;
			target = 1ABD3B3E1BFD3F6300544104 /* Double */;
			targetProxy = 1ABD3B541BFD3F6300544104 /* PBXContainerItemProxy */;
		};
		1ABD3B601BFD3F6300544104 /* PBXTargetDependency */ = {
			isa = PBXTargetDependency;
			target = 1ABD3B3E1BFD3F6300544104 /* Double */;
			targetProxy = 1ABD3B5F1BFD3F6300544104 /* PBXContainerItemProxy */;
		};
/* End PBXTargetDependency section */

/* Begin PBXVariantGroup section */
		1ABD3B461BFD3F6300544104 /* Main.storyboard */ = {
			isa = PBXVariantGroup;
			children = (
				1ABD3B471BFD3F6300544104 /* Base */,
			);
			name = Main.storyboard;
			sourceTree = "<group>";
		};
		1ABD3B4B1BFD3F6300544104 /* LaunchScreen.storyboard */ = {
			isa = PBXVariantGroup;
			children = (
				1ABD3B4C1BFD3F6300544104 /* Base */,
			);
			name = LaunchScreen.storyboard;
			sourceTree = "<group>";
		};
/* End PBXVariantGroup section */

/* Begin XCBuildConfiguration section */
		1ABD3B651BFD3F6300544104 /* Debug */ = {
			isa = XCBuildConfiguration;
			buildSettings = {
				ALWAYS_SEARCH_USER_PATHS = NO;
				CLANG_CXX_LANGUAGE_STANDARD = "gnu++0x";
				CLANG_CXX_LIBRARY = "libc++";
				CLANG_ENABLE_MODULES = YES;
				CLANG_ENABLE_OBJC_ARC = YES;
				CLANG_WARN_BOOL_CONVERSION = YES;
				CLANG_WARN_CONSTANT_CONVERSION = YES;
				CLANG_WARN_DIRECT_OBJC_ISA_USAGE = YES_ERROR;
				CLANG_WARN_EMPTY_BODY = YES;
				CLANG_WARN_ENUM_CONVERSION = YES;
				CLANG_WARN_INT_CONVERSION = YES;
				CLANG_WARN_OBJC_ROOT_CLASS = YES_ERROR;
				CLANG_WARN_UNREACHABLE_CODE = YES;
				CLANG_WARN__DUPLICATE_METHOD_MATCH = YES;
				"CODE_SIGN_IDENTITY[sdk=iphoneos*]" = "iPhone Developer";
				COPY_PHASE_STRIP = NO;
				DEBUG_INFORMATION_FORMAT = dwarf;
				ENABLE_STRICT_OBJC_MSGSEND = YES;
				ENABLE_TESTABILITY = YES;
				GCC_C_LANGUAGE_STANDARD = gnu99;
				GCC_DYNAMIC_NO_PIC = NO;
				GCC_NO_COMMON_BLOCKS = YES;
				GCC_OPTIMIZATION_LEVEL = 0;
				GCC_PREPROCESSOR_DEFINITIONS = (
					"DEBUG=1",
					"$(inherited)",
				);
				GCC_WARN_64_TO_32_BIT_CONVERSION = YES;
				GCC_WARN_ABOUT_RETURN_TYPE = YES_ERROR;
				GCC_WARN_UNDECLARED_SELECTOR = YES;
				GCC_WARN_UNINITIALIZED_AUTOS = YES_AGGRESSIVE;
				GCC_WARN_UNUSED_FUNCTION = YES;
				GCC_WARN_UNUSED_VARIABLE = YES;
				IPHONEOS_DEPLOYMENT_TARGET = 9.1;
				MTL_ENABLE_DEBUG_INFO = YES;
				ONLY_ACTIVE_ARCH = YES;
				SDKROOT = iphoneos;
				SWIFT_OPTIMIZATION_LEVEL = "-Onone";
			};
			name = Debug;
		};
		1ABD3B661BFD3F6300544104 /* Release */ = {
			isa = XCBuildConfiguration;
			buildSettings = {
				ALWAYS_SEARCH_USER_PATHS = NO;
				CLANG_CXX_LANGUAGE_STANDARD = "gnu++0x";
				CLANG_CXX_LIBRARY = "libc++";
				CLANG_ENABLE_MODULES = YES;
				CLANG_ENABLE_OBJC_ARC = YES;
				CLANG_WARN_BOOL_CONVERSION = YES;
				CLANG_WARN_CONSTANT_CONVERSION = YES;
				CLANG_WARN_DIRECT_OBJC_ISA_USAGE = YES_ERROR;
				CLANG_WARN_EMPTY_BODY = YES;
				CLANG_WARN_ENUM_CONVERSION = YES;
				CLANG_WARN_INT_CONVERSION = YES;
				CLANG_WARN_OBJC_ROOT_CLASS = YES_ERROR;
				CLANG_WARN_UNREACHABLE_CODE = YES;
				CLANG_WARN__DUPLICATE_METHOD_MATCH = YES;
				"CODE_SIGN_IDENTITY[sdk=iphoneos*]" = "iPhone Developer";
				COPY_PHASE_STRIP = NO;
				DEBUG_INFORMATION_FORMAT = "dwarf-with-dsym";
				ENABLE_NS_ASSERTIONS = NO;
				ENABLE_STRICT_OBJC_MSGSEND = YES;
				GCC_C_LANGUAGE_STANDARD = gnu99;
				GCC_NO_COMMON_BLOCKS = YES;
				GCC_WARN_64_TO_32_BIT_CONVERSION = YES;
				GCC_WARN_ABOUT_RETURN_TYPE = YES_ERROR;
				GCC_WARN_UNDECLARED_SELECTOR = YES;
				GCC_WARN_UNINITIALIZED_AUTOS = YES_AGGRESSIVE;
				GCC_WARN_UNUSED_FUNCTION = YES;
				GCC_WARN_UNUSED_VARIABLE = YES;
				IPHONEOS_DEPLOYMENT_TARGET = 9.1;
				MTL_ENABLE_DEBUG_INFO = NO;
				SDKROOT = iphoneos;
				VALIDATE_PRODUCT = YES;
			};
			name = Release;
		};
		1ABD3B681BFD3F6300544104 /* Debug */ = {
			isa = XCBuildConfiguration;
			buildSettings = {
				ASSETCATALOG_COMPILER_APPICON_NAME = AppIcon;
				INFOPLIST_FILE = Double/Info.plist;
				LD_RUNPATH_SEARCH_PATHS = "$(inherited) @executable_path/Frameworks";
				PRODUCT_BUNDLE_IDENTIFIER = com.example.Double;
				PRODUCT_NAME = "$(TARGET_NAME)";
			};
			name = Debug;
		};
		1ABD3B691BFD3F6300544104 /* Release */ = {
			isa = XCBuildConfiguration;
			buildSettings = {
				ASSETCATALOG_COMPILER_APPICON_NAME = AppIcon;
				INFOPLIST_FILE = Double/Info.plist;
				LD_RUNPATH_SEARCH_PATHS = "$(inherited) @executable_path/Frameworks";
				PRODUCT_BUNDLE_IDENTIFIER = com.example.Double;
				PRODUCT_NAME = "$(TARGET_NAME)";
			};
			name = Release;
		};
		1ABD3B6B1BFD3F6300544104 /* Debug */ = {
			isa = XCBuildConfiguration;
			buildSettings = {
				BUNDLE_LOADER = "$(TEST_HOST)";
				INFOPLIST_FILE = DoubleTests/Info.plist;
				LD_RUNPATH_SEARCH_PATHS = "$(inherited) @executable_path/Frameworks @loader_path/Frameworks";
				PRODUCT_BUNDLE_IDENTIFIER = com.example.DoubleTests;
				PRODUCT_NAME = "$(TARGET_NAME)";
				TEST_HOST = "$(BUILT_PRODUCTS_DIR)/Double.app/Double";
			};
			name = Debug;
		};
		1ABD3B6C1BFD3F6300544104 /* Release */ = {
			isa = XCBuildConfiguration;
			buildSettings = {
				BUNDLE_LOADER = "$(TEST_HOST)";
				INFOPLIST_FILE = DoubleTests/Info.plist;
				LD_RUNPATH_SEARCH_PATHS = "$(inherited) @executable_path/Frameworks @loader_path/Frameworks";
				PRODUCT_BUNDLE_IDENTIFIER = com.example.DoubleTests;
				PRODUCT_NAME = "$(TARGET_NAME)";
				TEST_HOST = "$(BUILT_PRODUCTS_DIR)/Double.app/Double";
			};
			name = Release;
		};
		1ABD3B6E1BFD3F6300544104 /* Debug */ = {
			isa = XCBuildConfiguration;
			buildSettings = {
				INFOPLIST_FILE = DoubleUITests/Info.plist;
				LD_RUNPATH_SEARCH_PATHS = "$(inherited) @executable_path/Frameworks @loader_path/Frameworks";
				PRODUCT_BUNDLE_IDENTIFIER = com.example.DoubleUITests;
				PRODUCT_NAME = "$(TARGET_NAME)";
				TEST_TARGET_NAME = Double;
				USES_XCTRUNNER = YES;
			};
			name = Debug;
		};
		1ABD3B6F1BFD3F6300544104 /* Release */ = {
			isa = XCBuildConfiguration;
			buildSettings = {
				INFOPLIST_FILE = DoubleUITests/Info.plist;
				LD_RUNPATH_SEARCH_PATHS = "$(inherited) @executable_path/Frameworks @loader_path/Frameworks";
				PRODUCT_BUNDLE_IDENTIFIER = com.example.DoubleUITests;
				PRODUCT_NAME = "$(TARGET_NAME)";
				TEST_TARGET_NAME = Double;
				USES_XCTRUNNER = YES;
			};
			name = Release;
		};
/* End XCBuildConfiguration section */

/* Begin XCConfigurationList section */
		1ABD3B3A1BFD3F6300544104 /* Build configuration list for PBXProject "Double" */ = {
			isa = XCConfigurationList;
			buildConfigurations = (
				1ABD3B651BFD3F6300544104 /* Debug */,
				1ABD3B661BFD3F6300544104 /* Release */,
			);
			defaultConfigurationIsVisible = 0;
			defaultConfigurationName = Release;
		};
		1ABD3B671BFD3F6300544104 /* Build configuration list for PBXNativeTarget "Double" */ = {
			isa = XCConfigurationList;
			buildConfigurations = (
				1ABD3B681BFD3F6300544104 /* Debug */,
				1ABD3B691BFD3F6300544104 /* Release */,
			);
			defaultConfigurationIsVisible = 0;
		};
		1ABD3B6A1BFD3F6300544104 /* Build configuration list for PBXNativeTarget "DoubleTests" */ = {
			isa = XCConfigurationList;
			buildConfigurations = (
				1ABD3B6B1BFD3F6300544104 /* Debug */,
				1ABD3B6C1BFD3F6300544104 /* Release */,
			);
			defaultConfigurationIsVisible = 0;
		};
		1ABD3B6D1BFD3F6300544104 /* Build configuration list for PBXNativeTarget "DoubleUITests" */ = {
			isa = XCConfigurationList;
			buildConfigurations = (
				1ABD3B6E1BFD3F6300544104 /* Debug */,
				1ABD3B6F1BFD3F6300544104 /* Release */,
			);
			defaultConfigurationIsVisible = 0;
		};
/* End XCConfigurationList section */
	};
	rootObject = 1ABD3B371BFD3F6300544104 /* Project object */;
}
